
Microsoft Visual Studio Solution File, Format Version 12.00
# Visual Studio Version 16
VisualStudioVersion = 16.0.29409.12
MinimumVisualStudioVersion = 10.0.40219.1
Project("{9A19103F-16F7-4668-BE54-9A1E7A4F7556}") = "wpf_intra", "wpf_intra.csproj", "{BFFB16D7-45DA-42F2-A584-4DCC8F43B995}"
EndProject
Project("{FAE04EC0-301F-11D3-BF4B-00C04F79EFBC}") = "Gestionaire_Clients", "..\Gestionaire_Clients\Gestionaire_Clients.csproj", "{18294CF3-4B9E-4CB9-8CE1-8DCA29D77750}"
EndProject
Global
	GlobalSection(SolutionConfigurationPlatforms) = preSolution
		Debug|Any CPU = Debug|Any CPU
		Release|Any CPU = Release|Any CPU
	EndGlobalSection
	GlobalSection(ProjectConfigurationPlatforms) = postSolution
		{BFFB16D7-45DA-42F2-A584-4DCC8F43B995}.Debug|Any CPU.ActiveCfg = Debug|Any CPU
		{BFFB16D7-45DA-42F2-A584-4DCC8F43B995}.Debug|Any CPU.Build.0 = Debug|Any CPU
		{BFFB16D7-45DA-42F2-A584-4DCC8F43B995}.Release|Any CPU.ActiveCfg = Release|Any CPU
		{BFFB16D7-45DA-42F2-A584-4DCC8F43B995}.Release|Any CPU.Build.0 = Release|Any CPU
		{18294CF3-4B9E-4CB9-8CE1-8DCA29D77750}.Debug|Any CPU.ActiveCfg = Debug|Any CPU
		{18294CF3-4B9E-4CB9-8CE1-8DCA29D77750}.Debug|Any CPU.Build.0 = Debug|Any CPU
		{18294CF3-4B9E-4CB9-8CE1-8DCA29D77750}.Release|Any CPU.ActiveCfg = Release|Any CPU
		{18294CF3-4B9E-4CB9-8CE1-8DCA29D77750}.Release|Any CPU.Build.0 = Release|Any CPU
	EndGlobalSection
	GlobalSection(SolutionProperties) = preSolution
		HideSolutionNode = FALSE
	EndGlobalSection
	GlobalSection(ExtensibilityGlobals) = postSolution
		SolutionGuid = {90362393-8E61-4D27-8700-F42B451736E1}
	EndGlobalSection
EndGlobal
